
Microsoft Visual Studio Solution File, Format Version 12.00
# Visual Studio 2012
Project("{FAE04EC0-301F-11D3-BF4B-00C04F79EFBC}") = "RomanNumerals", "RomanNumerals.csproj", "{AE10D3A1-D284-4E5F-8671-2E09A7D493B5}"
EndProject
Project("{FAE04EC0-301F-11D3-BF4B-00C04F79EFBC}") = "UnitTests", "..\UnitTests\UnitTests.csproj", "{D846A642-51FB-435F-A8C4-A99876174542}"
EndProject
Global
	GlobalSection(SolutionConfigurationPlatforms) = preSolution
		Debug|Any CPU = Debug|Any CPU
		Release|Any CPU = Release|Any CPU
	EndGlobalSection
	GlobalSection(ProjectConfigurationPlatforms) = postSolution
		{AE10D3A1-D284-4E5F-8671-2E09A7D493B5}.Debug|Any CPU.ActiveCfg = Debug|Any CPU
		{AE10D3A1-D284-4E5F-8671-2E09A7D493B5}.Debug|Any CPU.Build.0 = Debug|Any CPU
		{AE10D3A1-D284-4E5F-8671-2E09A7D493B5}.Release|Any CPU.ActiveCfg = Release|Any CPU
		{AE10D3A1-D284-4E5F-8671-2E09A7D493B5}.Release|Any CPU.Build.0 = Release|Any CPU
		{D846A642-51FB-435F-A8C4-A99876174542}.Debug|Any CPU.ActiveCfg = Debug|Any CPU
		{D846A642-51FB-435F-A8C4-A99876174542}.Debug|Any CPU.Build.0 = Debug|Any CPU
		{D846A642-51FB-435F-A8C4-A99876174542}.Release|Any CPU.ActiveCfg = Release|Any CPU
		{D846A642-51FB-435F-A8C4-A99876174542}.Release|Any CPU.Build.0 = Release|Any CPU
	EndGlobalSection
	GlobalSection(SolutionProperties) = preSolution
		HideSolutionNode = FALSE
	EndGlobalSection
EndGlobal
