
Microsoft Visual Studio Solution File, Format Version 12.00
# Visual Studio 2012
Project("{FAE04EC0-301F-11D3-BF4B-00C04F79EFBC}") = "Roman Calculator 2", "Roman Calculator Try 2\Roman Calculator 2.csproj", "{140383B6-EED2-4E6A-B138-3B4328FB8352}"
EndProject
Global
	GlobalSection(SolutionConfigurationPlatforms) = preSolution
		Debug|Any CPU = Debug|Any CPU
		Release|Any CPU = Release|Any CPU
	EndGlobalSection
	GlobalSection(ProjectConfigurationPlatforms) = postSolution
		{140383B6-EED2-4E6A-B138-3B4328FB8352}.Debug|Any CPU.ActiveCfg = Debug|Any CPU
		{140383B6-EED2-4E6A-B138-3B4328FB8352}.Debug|Any CPU.Build.0 = Debug|Any CPU
		{140383B6-EED2-4E6A-B138-3B4328FB8352}.Release|Any CPU.ActiveCfg = Release|Any CPU
		{140383B6-EED2-4E6A-B138-3B4328FB8352}.Release|Any CPU.Build.0 = Release|Any CPU
	EndGlobalSection
	GlobalSection(SolutionProperties) = preSolution
		HideSolutionNode = FALSE
	EndGlobalSection
EndGlobal
