
Microsoft Visual Studio Solution File, Format Version 12.00
# Visual Studio 2012
Project("{FAE04EC0-301F-11D3-BF4B-00C04F79EFBC}") = "RomanNumerals", "RomanNumerals\RomanNumerals.csproj", "{C63BE7D6-C321-432B-B6C6-4BC279FB00C0}"
EndProject
Project("{FAE04EC0-301F-11D3-BF4B-00C04F79EFBC}") = "RomanNumerals.Tests", "RomanNumerals.Tests\RomanNumerals.Tests.csproj", "{EBF49603-67A0-4A4D-BDE4-C6ECB701014E}"
EndProject
Project("{FAE04EC0-301F-11D3-BF4B-00C04F79EFBC}") = "RomanNumerals.Interfaces", "RomanNumerals.Interfaces\RomanNumerals.Interfaces.csproj", "{B50CDA85-6228-445B-8BD3-B11470B94AD0}"
EndProject
Project("{2150E333-8FDC-42A3-9474-1A3956D46DE8}") = ".nuget", ".nuget", "{5DB7B4AE-E9CB-41E5-97E4-B8A01282F012}"
	ProjectSection(SolutionItems) = preProject
		.nuget\NuGet.Config = .nuget\NuGet.Config
		.nuget\NuGet.exe = .nuget\NuGet.exe
		.nuget\NuGet.targets = .nuget\NuGet.targets
	EndProjectSection
EndProject
Global
	GlobalSection(SolutionConfigurationPlatforms) = preSolution
		Debug|Any CPU = Debug|Any CPU
		Release|Any CPU = Release|Any CPU
	EndGlobalSection
	GlobalSection(ProjectConfigurationPlatforms) = postSolution
		{C63BE7D6-C321-432B-B6C6-4BC279FB00C0}.Debug|Any CPU.ActiveCfg = Debug|Any CPU
		{C63BE7D6-C321-432B-B6C6-4BC279FB00C0}.Debug|Any CPU.Build.0 = Debug|Any CPU
		{C63BE7D6-C321-432B-B6C6-4BC279FB00C0}.Release|Any CPU.ActiveCfg = Release|Any CPU
		{C63BE7D6-C321-432B-B6C6-4BC279FB00C0}.Release|Any CPU.Build.0 = Release|Any CPU
		{EBF49603-67A0-4A4D-BDE4-C6ECB701014E}.Debug|Any CPU.ActiveCfg = Debug|Any CPU
		{EBF49603-67A0-4A4D-BDE4-C6ECB701014E}.Debug|Any CPU.Build.0 = Debug|Any CPU
		{EBF49603-67A0-4A4D-BDE4-C6ECB701014E}.Release|Any CPU.ActiveCfg = Release|Any CPU
		{EBF49603-67A0-4A4D-BDE4-C6ECB701014E}.Release|Any CPU.Build.0 = Release|Any CPU
		{B50CDA85-6228-445B-8BD3-B11470B94AD0}.Debug|Any CPU.ActiveCfg = Debug|Any CPU
		{B50CDA85-6228-445B-8BD3-B11470B94AD0}.Debug|Any CPU.Build.0 = Debug|Any CPU
		{B50CDA85-6228-445B-8BD3-B11470B94AD0}.Release|Any CPU.ActiveCfg = Release|Any CPU
		{B50CDA85-6228-445B-8BD3-B11470B94AD0}.Release|Any CPU.Build.0 = Release|Any CPU
	EndGlobalSection
	GlobalSection(SolutionProperties) = preSolution
		HideSolutionNode = FALSE
	EndGlobalSection
EndGlobal
