
Microsoft Visual Studio Solution File, Format Version 12.00
# Visual Studio 2012
Project("{FAE04EC0-301F-11D3-BF4B-00C04F79EFBC}") = "FizzBuzz", "FizzBuzz.csproj", "{9B69030E-B98F-4098-9EE8-52F717842CF3}"
EndProject
Project("{FAE04EC0-301F-11D3-BF4B-00C04F79EFBC}") = "UnitTests", "..\UnitTests\UnitTests.csproj", "{FACD89B4-3B36-453A-8CCF-DC1DDC77F6CA}"
EndProject
Project("{2150E333-8FDC-42A3-9474-1A3956D46DE8}") = ".nuget", ".nuget", "{530A96A1-7780-4F18-8C7E-A10BF5ACF6DA}"
	ProjectSection(SolutionItems) = preProject
		.nuget\NuGet.Config = .nuget\NuGet.Config
		.nuget\NuGet.exe = .nuget\NuGet.exe
		.nuget\NuGet.targets = .nuget\NuGet.targets
	EndProjectSection
EndProject
Global
	GlobalSection(SolutionConfigurationPlatforms) = preSolution
		Debug|Any CPU = Debug|Any CPU
		Release|Any CPU = Release|Any CPU
	EndGlobalSection
	GlobalSection(ProjectConfigurationPlatforms) = postSolution
		{9B69030E-B98F-4098-9EE8-52F717842CF3}.Debug|Any CPU.ActiveCfg = Debug|Any CPU
		{9B69030E-B98F-4098-9EE8-52F717842CF3}.Debug|Any CPU.Build.0 = Debug|Any CPU
		{9B69030E-B98F-4098-9EE8-52F717842CF3}.Release|Any CPU.ActiveCfg = Release|Any CPU
		{9B69030E-B98F-4098-9EE8-52F717842CF3}.Release|Any CPU.Build.0 = Release|Any CPU
		{FACD89B4-3B36-453A-8CCF-DC1DDC77F6CA}.Debug|Any CPU.ActiveCfg = Debug|Any CPU
		{FACD89B4-3B36-453A-8CCF-DC1DDC77F6CA}.Debug|Any CPU.Build.0 = Debug|Any CPU
		{FACD89B4-3B36-453A-8CCF-DC1DDC77F6CA}.Release|Any CPU.ActiveCfg = Release|Any CPU
		{FACD89B4-3B36-453A-8CCF-DC1DDC77F6CA}.Release|Any CPU.Build.0 = Release|Any CPU
	EndGlobalSection
	GlobalSection(SolutionProperties) = preSolution
		HideSolutionNode = FALSE
	EndGlobalSection
EndGlobal
